// !$*UTF8*$!
{
	archiveVersion = 1;
	classes = {
	};
	objectVersion = 46;
	objects = {

/* Begin PBXBuildFile section */
		3715F8221DAD97F4004AF8DC /* EvernoteSynchronizer.swift in Sources */ = {isa = PBXBuildFile; fileRef = 3715F8211DAD97F4004AF8DC /* EvernoteSynchronizer.swift */; };
		37B2AFC61C727E130060E8D2 /* ChecklistController.swift in Sources */ = {isa = PBXBuildFile; fileRef = 37B2AFC51C727E130060E8D2 /* ChecklistController.swift */; };
		37EBD4F61C7056E9005FFC9A /* Launch Screen.storyboard in Resources */ = {isa = PBXBuildFile; fileRef = 37EBD4F51C7056E9005FFC9A /* Launch Screen.storyboard */; };
		37EBD4FD1C70603C005FFC9A /* Interface.storyboard in Resources */ = {isa = PBXBuildFile; fileRef = 37EBD4FB1C70603C005FFC9A /* Interface.storyboard */; };
		37EBD4FF1C70603C005FFC9A /* Assets.xcassets in Resources */ = {isa = PBXBuildFile; fileRef = 37EBD4FE1C70603C005FFC9A /* Assets.xcassets */; };
		37EBD5061C70603C005FFC9A /* WatchApp Extension.appex in Embed App Extensions */ = {isa = PBXBuildFile; fileRef = 37EBD5051C70603C005FFC9A /* WatchApp Extension.appex */; settings = {ATTRIBUTES = (RemoveHeadersOnCopy, ); }; };
		37EBD50D1C70603C005FFC9A /* ListsController.swift in Sources */ = {isa = PBXBuildFile; fileRef = 37EBD50C1C70603C005FFC9A /* ListsController.swift */; };
		37EBD50F1C70603C005FFC9A /* ExtensionDelegate.swift in Sources */ = {isa = PBXBuildFile; fileRef = 37EBD50E1C70603C005FFC9A /* ExtensionDelegate.swift */; };
		37EBD5111C70603C005FFC9A /* NotificationController.swift in Sources */ = {isa = PBXBuildFile; fileRef = 37EBD5101C70603C005FFC9A /* NotificationController.swift */; };
		37EBD5131C70603C005FFC9A /* Assets.xcassets in Resources */ = {isa = PBXBuildFile; fileRef = 37EBD5121C70603C005FFC9A /* Assets.xcassets */; };
		37EBD5171C70603C005FFC9A /* WatchApp.app in Embed Watch Content */ = {isa = PBXBuildFile; fileRef = 37EBD4F91C70603C005FFC9A /* WatchApp.app */; };
		37EBD5211C70E181005FFC9A /* DataProxy.swift in Sources */ = {isa = PBXBuildFile; fileRef = 37EBD5201C70E181005FFC9A /* DataProxy.swift */; };
		37EBD5241C70E7E5005FFC9A /* AppleWatchManager.swift in Sources */ = {isa = PBXBuildFile; fileRef = 37EBD5231C70E7E5005FFC9A /* AppleWatchManager.swift */; };
		3B4ECB4F185B6EB6003A160B /* ESAppDelegate.m in Sources */ = {isa = PBXBuildFile; fileRef = 3B4ECB4E185B6EB6003A160B /* ESAppDelegate.m */; };
		3B4ECB52185B6EE8003A160B /* ESChecklistsViewController.m in Sources */ = {isa = PBXBuildFile; fileRef = 3B4ECB51185B6EE8003A160B /* ESChecklistsViewController.m */; };
		3B6D31C81843100100E9A6AB /* Foundation.framework in Frameworks */ = {isa = PBXBuildFile; fileRef = 3B6D31C71843100100E9A6AB /* Foundation.framework */; };
		3B6D31CA1843100100E9A6AB /* CoreGraphics.framework in Frameworks */ = {isa = PBXBuildFile; fileRef = 3B6D31C91843100100E9A6AB /* CoreGraphics.framework */; };
		3B6D31CC1843100100E9A6AB /* UIKit.framework in Frameworks */ = {isa = PBXBuildFile; fileRef = 3B6D31CB1843100100E9A6AB /* UIKit.framework */; };
		3B6D31D21843100100E9A6AB /* InfoPlist.strings in Resources */ = {isa = PBXBuildFile; fileRef = 3B6D31D01843100100E9A6AB /* InfoPlist.strings */; };
		3B6D31D41843100100E9A6AB /* main.m in Sources */ = {isa = PBXBuildFile; fileRef = 3B6D31D31843100100E9A6AB /* main.m */; };
		3B6D31DB1843100100E9A6AB /* Main.storyboard in Resources */ = {isa = PBXBuildFile; fileRef = 3B6D31D91843100100E9A6AB /* Main.storyboard */; };
		3B6D31E01843100100E9A6AB /* Images.xcassets in Resources */ = {isa = PBXBuildFile; fileRef = 3B6D31DF1843100100E9A6AB /* Images.xcassets */; };
		3B6D321918431F4000E9A6AB /* MobileCoreServices.framework in Frameworks */ = {isa = PBXBuildFile; fileRef = 3B6D321518431F4000E9A6AB /* MobileCoreServices.framework */; };
		3B6D321A18431F4000E9A6AB /* Security.framework in Frameworks */ = {isa = PBXBuildFile; fileRef = 3B6D321618431F4000E9A6AB /* Security.framework */; };
		3B6D321B18431F4000E9A6AB /* StoreKit.framework in Frameworks */ = {isa = PBXBuildFile; fileRef = 3B6D321718431F4000E9A6AB /* StoreKit.framework */; };
		3B6D321D18431F5B00E9A6AB /* libxml2.dylib in Frameworks */ = {isa = PBXBuildFile; fileRef = 3B6D321C18431F5B00E9A6AB /* libxml2.dylib */; };
		3BF2E8D218538C78006CB2B3 /* README.md in Resources */ = {isa = PBXBuildFile; fileRef = 3BF2E8D118538C78006CB2B3 /* README.md */; };
		3BF2E8EE185525A7006CB2B3 /* libz.dylib in Frameworks */ = {isa = PBXBuildFile; fileRef = 3BF2E8ED185525A7006CB2B3 /* libz.dylib */; };
		D85D77A121DC54DB00E35243 /* EvernoteSDK.framework in Frameworks */ = {isa = PBXBuildFile; fileRef = D85D77A021DC54DB00E35243 /* EvernoteSDK.framework */; };
		D85D77A221DC54DB00E35243 /* EvernoteSDK.framework in Frameworks */ = {isa = PBXBuildFile; fileRef = D85D77A021DC54DB00E35243 /* EvernoteSDK.framework */; };
		D883D698222C364700D423CB /* ComplicationController.swift in Sources */ = {isa = PBXBuildFile; fileRef = D883D697222C364700D423CB /* ComplicationController.swift */; };
		D8AF21C422AD969900C5ECFF /* SwiftSugar.swift in Sources */ = {isa = PBXBuildFile; fileRef = D8AF21C322AD969900C5ECFF /* SwiftSugar.swift */; };
		D8E9562021DC45F3004D86B4 /* Checklist.swift in Sources */ = {isa = PBXBuildFile; fileRef = D8E9561E21DC45F3004D86B4 /* Checklist.swift */; };
		D8E9562121DC45F3004D86B4 /* ChecklistItem.swift in Sources */ = {isa = PBXBuildFile; fileRef = D8E9561F21DC45F3004D86B4 /* ChecklistItem.swift */; };
		D8E9562321DC45FD004D86B4 /* ChecklistItemsViewController.swift in Sources */ = {isa = PBXBuildFile; fileRef = D8E9562221DC45FD004D86B4 /* ChecklistItemsViewController.swift */; };
		D8E9562621DC4605004D86B4 /* ESAddTagCell.m in Sources */ = {isa = PBXBuildFile; fileRef = D8E9562421DC4605004D86B4 /* ESAddTagCell.m */; };
		D8E9563521DC4F5D004D86B4 /* WatchShopperTests.swift in Sources */ = {isa = PBXBuildFile; fileRef = D8E9563421DC4F5D004D86B4 /* WatchShopperTests.swift */; };
		D8E9563D21DC4F73004D86B4 /* ChecklistTest.swift in Sources */ = {isa = PBXBuildFile; fileRef = D8E9563C21DC4F73004D86B4 /* ChecklistTest.swift */; };
		D8E9563F21DC4FDE004D86B4 /* EvernoteSynchronizer.swift in Sources */ = {isa = PBXBuildFile; fileRef = 3715F8211DAD97F4004AF8DC /* EvernoteSynchronizer.swift */; };
		D8E9564021DC4FDE004D86B4 /* Checklist.swift in Sources */ = {isa = PBXBuildFile; fileRef = D8E9561E21DC45F3004D86B4 /* Checklist.swift */; };
		D8E9564121DC4FDE004D86B4 /* ChecklistItem.swift in Sources */ = {isa = PBXBuildFile; fileRef = D8E9561F21DC45F3004D86B4 /* ChecklistItem.swift */; };
		EEA997811DA162A500E4F8D9 /* WLog.swift in Sources */ = {isa = PBXBuildFile; fileRef = EEA997801DA162A500E4F8D9 /* WLog.swift */; };
		EEA997821DA162A500E4F8D9 /* WLog.swift in Sources */ = {isa = PBXBuildFile; fileRef = EEA997801DA162A500E4F8D9 /* WLog.swift */; };
		EEB84F801883CA2A001CDDC1 /* ESSettingsManager.m in Sources */ = {isa = PBXBuildFile; fileRef = EEB84F7F1883CA2A001CDDC1 /* ESSettingsManager.m */; };
		EEC417B1188DA757002DB9DA /* iTunesArtwork in Resources */ = {isa = PBXBuildFile; fileRef = EEC417B0188DA757002DB9DA /* iTunesArtwork */; };
		EEF97A181881BCE8004F7FC3 /* ESSettingsController.m in Sources */ = {isa = PBXBuildFile; fileRef = EEF97A171881BCE8004F7FC3 /* ESSettingsController.m */; };
		EEF97A1F1881C8E0004F7FC3 /* TTTTimeIntervalFormatter.m in Sources */ = {isa = PBXBuildFile; fileRef = EEF97A1E1881C8E0004F7FC3 /* TTTTimeIntervalFormatter.m */; };
		EEF97A211881C9C6004F7FC3 /* cog@2x.png in Resources */ = {isa = PBXBuildFile; fileRef = EEF97A201881C9C6004F7FC3 /* cog@2x.png */; };
/* End PBXBuildFile section */

/* Begin PBXContainerItemProxy section */
		37EBD5071C70603C005FFC9A /* PBXContainerItemProxy */ = {
			isa = PBXContainerItemProxy;
			containerPortal = 3B6D31BC1843100100E9A6AB /* Project object */;
			proxyType = 1;
			remoteGlobalIDString = 37EBD5041C70603C005FFC9A;
			remoteInfo = "WatchApp Extension";
		};
		37EBD5151C70603C005FFC9A /* PBXContainerItemProxy */ = {
			isa = PBXContainerItemProxy;
			containerPortal = 3B6D31BC1843100100E9A6AB /* Project object */;
			proxyType = 1;
			remoteGlobalIDString = 37EBD4F81C70603C005FFC9A;
			remoteInfo = WatchApp;
		};
		D8E9563721DC4F5D004D86B4 /* PBXContainerItemProxy */ = {
			isa = PBXContainerItemProxy;
			containerPortal = 3B6D31BC1843100100E9A6AB /* Project object */;
			proxyType = 1;
			remoteGlobalIDString = 3B6D31C31843100100E9A6AB;
			remoteInfo = WatchShopper;
		};
/* End PBXContainerItemProxy section */

/* Begin PBXCopyFilesBuildPhase section */
		37EBD51B1C70603C005FFC9A /* Embed App Extensions */ = {
			isa = PBXCopyFilesBuildPhase;
			buildActionMask = 2147483647;
			dstPath = "";
			dstSubfolderSpec = 13;
			files = (
				37EBD5061C70603C005FFC9A /* WatchApp Extension.appex in Embed App Extensions */,
			);
			name = "Embed App Extensions";
			runOnlyForDeploymentPostprocessing = 0;
		};
		37EBD51F1C70603C005FFC9A /* Embed Watch Content */ = {
			isa = PBXCopyFilesBuildPhase;
			buildActionMask = 2147483647;
			dstPath = "$(CONTENTS_FOLDER_PATH)/Watch";
			dstSubfolderSpec = 16;
			files = (
				37EBD5171C70603C005FFC9A /* WatchApp.app in Embed Watch Content */,
			);
			name = "Embed Watch Content";
			runOnlyForDeploymentPostprocessing = 0;
		};
/* End PBXCopyFilesBuildPhase section */

/* Begin PBXFileReference section */
		3715F8211DAD97F4004AF8DC /* EvernoteSynchronizer.swift */ = {isa = PBXFileReference; fileEncoding = 4; lastKnownFileType = sourcecode.swift; path = EvernoteSynchronizer.swift; sourceTree = "<group>"; };
		37B2AFC51C727E130060E8D2 /* ChecklistController.swift */ = {isa = PBXFileReference; fileEncoding = 4; lastKnownFileType = sourcecode.swift; path = ChecklistController.swift; sourceTree = "<group>"; };
		37EBD4F51C7056E9005FFC9A /* Launch Screen.storyboard */ = {isa = PBXFileReference; fileEncoding = 4; lastKnownFileType = file.storyboard; path = "Launch Screen.storyboard"; sourceTree = "<group>"; };
		37EBD4F91C70603C005FFC9A /* WatchApp.app */ = {isa = PBXFileReference; explicitFileType = wrapper.application; includeInIndex = 0; path = WatchApp.app; sourceTree = BUILT_PRODUCTS_DIR; };
		37EBD4FC1C70603C005FFC9A /* Base */ = {isa = PBXFileReference; lastKnownFileType = file.storyboard; name = Base; path = Base.lproj/Interface.storyboard; sourceTree = "<group>"; };
		37EBD4FE1C70603C005FFC9A /* Assets.xcassets */ = {isa = PBXFileReference; lastKnownFileType = folder.assetcatalog; path = Assets.xcassets; sourceTree = "<group>"; };
		37EBD5001C70603C005FFC9A /* Info.plist */ = {isa = PBXFileReference; lastKnownFileType = text.plist.xml; path = Info.plist; sourceTree = "<group>"; };
		37EBD5051C70603C005FFC9A /* WatchApp Extension.appex */ = {isa = PBXFileReference; explicitFileType = "wrapper.app-extension"; includeInIndex = 0; path = "WatchApp Extension.appex"; sourceTree = BUILT_PRODUCTS_DIR; };
		37EBD50B1C70603C005FFC9A /* PushNotificationPayload.apns */ = {isa = PBXFileReference; lastKnownFileType = text; path = PushNotificationPayload.apns; sourceTree = "<group>"; };
		37EBD50C1C70603C005FFC9A /* ListsController.swift */ = {isa = PBXFileReference; lastKnownFileType = sourcecode.swift; path = ListsController.swift; sourceTree = "<group>"; };
		37EBD50E1C70603C005FFC9A /* ExtensionDelegate.swift */ = {isa = PBXFileReference; lastKnownFileType = sourcecode.swift; path = ExtensionDelegate.swift; sourceTree = "<group>"; };
		37EBD5101C70603C005FFC9A /* NotificationController.swift */ = {isa = PBXFileReference; lastKnownFileType = sourcecode.swift; path = NotificationController.swift; sourceTree = "<group>"; };
		37EBD5121C70603C005FFC9A /* Assets.xcassets */ = {isa = PBXFileReference; lastKnownFileType = folder.assetcatalog; path = Assets.xcassets; sourceTree = "<group>"; };
		37EBD5141C70603C005FFC9A /* Info.plist */ = {isa = PBXFileReference; lastKnownFileType = text.plist.xml; path = Info.plist; sourceTree = "<group>"; };
		37EBD5201C70E181005FFC9A /* DataProxy.swift */ = {isa = PBXFileReference; fileEncoding = 4; lastKnownFileType = sourcecode.swift; path = DataProxy.swift; sourceTree = "<group>"; };
		37EBD5221C70E7E5005FFC9A /* WatchShopper-Bridging-Header.h */ = {isa = PBXFileReference; lastKnownFileType = sourcecode.c.h; path = "WatchShopper-Bridging-Header.h"; sourceTree = "<group>"; };
		37EBD5231C70E7E5005FFC9A /* AppleWatchManager.swift */ = {isa = PBXFileReference; fileEncoding = 4; lastKnownFileType = sourcecode.swift; path = AppleWatchManager.swift; sourceTree = "<group>"; };
		3B4ECB4D185B6EB6003A160B /* ESAppDelegate.h */ = {isa = PBXFileReference; fileEncoding = 4; lastKnownFileType = sourcecode.c.h; path = ESAppDelegate.h; sourceTree = "<group>"; };
		3B4ECB4E185B6EB6003A160B /* ESAppDelegate.m */ = {isa = PBXFileReference; fileEncoding = 4; lastKnownFileType = sourcecode.c.objc; path = ESAppDelegate.m; sourceTree = "<group>"; };
		3B4ECB50185B6EE8003A160B /* ESChecklistsViewController.h */ = {isa = PBXFileReference; fileEncoding = 4; lastKnownFileType = sourcecode.c.h; path = ESChecklistsViewController.h; sourceTree = "<group>"; };
		3B4ECB51185B6EE8003A160B /* ESChecklistsViewController.m */ = {isa = PBXFileReference; fileEncoding = 4; lastKnownFileType = sourcecode.c.objc; path = ESChecklistsViewController.m; sourceTree = "<group>"; };
		3B6D31C41843100100E9A6AB /* WatchShopper.app */ = {isa = PBXFileReference; explicitFileType = wrapper.application; includeInIndex = 0; path = WatchShopper.app; sourceTree = BUILT_PRODUCTS_DIR; };
		3B6D31C71843100100E9A6AB /* Foundation.framework */ = {isa = PBXFileReference; lastKnownFileType = wrapper.framework; name = Foundation.framework; path = System/Library/Frameworks/Foundation.framework; sourceTree = SDKROOT; };
		3B6D31C91843100100E9A6AB /* CoreGraphics.framework */ = {isa = PBXFileReference; lastKnownFileType = wrapper.framework; name = CoreGraphics.framework; path = System/Library/Frameworks/CoreGraphics.framework; sourceTree = SDKROOT; };
		3B6D31CB1843100100E9A6AB /* UIKit.framework */ = {isa = PBXFileReference; lastKnownFileType = wrapper.framework; name = UIKit.framework; path = System/Library/Frameworks/UIKit.framework; sourceTree = SDKROOT; };
		3B6D31CF1843100100E9A6AB /* WatchShopper-Info.plist */ = {isa = PBXFileReference; lastKnownFileType = text.plist.xml; path = "WatchShopper-Info.plist"; sourceTree = "<group>"; };
		3B6D31D11843100100E9A6AB /* en */ = {isa = PBXFileReference; lastKnownFileType = text.plist.strings; name = en; path = en.lproj/InfoPlist.strings; sourceTree = "<group>"; };
		3B6D31D31843100100E9A6AB /* main.m */ = {isa = PBXFileReference; lastKnownFileType = sourcecode.c.objc; path = main.m; sourceTree = "<group>"; };
		3B6D31D51843100100E9A6AB /* WatchShopper-Prefix.pch */ = {isa = PBXFileReference; lastKnownFileType = sourcecode.c.h; path = "WatchShopper-Prefix.pch"; sourceTree = "<group>"; };
		3B6D31DA1843100100E9A6AB /* Base */ = {isa = PBXFileReference; lastKnownFileType = file.storyboard; name = Base; path = Base.lproj/Main.storyboard; sourceTree = "<group>"; };
		3B6D31DF1843100100E9A6AB /* Images.xcassets */ = {isa = PBXFileReference; lastKnownFileType = folder.assetcatalog; path = Images.xcassets; sourceTree = "<group>"; };
		3B6D31E61843100100E9A6AB /* XCTest.framework */ = {isa = PBXFileReference; lastKnownFileType = wrapper.framework; name = XCTest.framework; path = Library/Frameworks/XCTest.framework; sourceTree = DEVELOPER_DIR; };
		3B6D321418431F4000E9A6AB /* libxml2.2.dylib */ = {isa = PBXFileReference; lastKnownFileType = "compiled.mach-o.dylib"; name = libxml2.2.dylib; path = usr/lib/libxml2.2.dylib; sourceTree = SDKROOT; };
		3B6D321518431F4000E9A6AB /* MobileCoreServices.framework */ = {isa = PBXFileReference; lastKnownFileType = wrapper.framework; name = MobileCoreServices.framework; path = System/Library/Frameworks/MobileCoreServices.framework; sourceTree = SDKROOT; };
		3B6D321618431F4000E9A6AB /* Security.framework */ = {isa = PBXFileReference; lastKnownFileType = wrapper.framework; name = Security.framework; path = System/Library/Frameworks/Security.framework; sourceTree = SDKROOT; };
		3B6D321718431F4000E9A6AB /* StoreKit.framework */ = {isa = PBXFileReference; lastKnownFileType = wrapper.framework; name = StoreKit.framework; path = System/Library/Frameworks/StoreKit.framework; sourceTree = SDKROOT; };
		3B6D321C18431F5B00E9A6AB /* libxml2.dylib */ = {isa = PBXFileReference; lastKnownFileType = "compiled.mach-o.dylib"; name = libxml2.dylib; path = usr/lib/libxml2.dylib; sourceTree = SDKROOT; };
		3BF2E8D118538C78006CB2B3 /* README.md */ = {isa = PBXFileReference; fileEncoding = 4; lastKnownFileType = text; path = README.md; sourceTree = "<group>"; };
		3BF2E8ED185525A7006CB2B3 /* libz.dylib */ = {isa = PBXFileReference; lastKnownFileType = "compiled.mach-o.dylib"; name = libz.dylib; path = usr/lib/libz.dylib; sourceTree = SDKROOT; };
		D85D77A021DC54DB00E35243 /* EvernoteSDK.framework */ = {isa = PBXFileReference; lastKnownFileType = wrapper.framework; name = EvernoteSDK.framework; path = Carthage/Build/iOS/EvernoteSDK.framework; sourceTree = "<group>"; };
		D883D697222C364700D423CB /* ComplicationController.swift */ = {isa = PBXFileReference; lastKnownFileType = sourcecode.swift; path = ComplicationController.swift; sourceTree = "<group>"; };
		D8AF21C322AD969900C5ECFF /* SwiftSugar.swift */ = {isa = PBXFileReference; lastKnownFileType = sourcecode.swift; path = SwiftSugar.swift; sourceTree = "<group>"; };
		D8B6E1DB21AC500100159931 /* Cartfile */ = {isa = PBXFileReference; lastKnownFileType = text; path = Cartfile; sourceTree = "<group>"; };
		D8E9561E21DC45F3004D86B4 /* Checklist.swift */ = {isa = PBXFileReference; fileEncoding = 4; lastKnownFileType = sourcecode.swift; path = Checklist.swift; sourceTree = "<group>"; };
		D8E9561F21DC45F3004D86B4 /* ChecklistItem.swift */ = {isa = PBXFileReference; fileEncoding = 4; lastKnownFileType = sourcecode.swift; path = ChecklistItem.swift; sourceTree = "<group>"; };
		D8E9562221DC45FD004D86B4 /* ChecklistItemsViewController.swift */ = {isa = PBXFileReference; fileEncoding = 4; lastKnownFileType = sourcecode.swift; path = ChecklistItemsViewController.swift; sourceTree = "<group>"; };
		D8E9562421DC4605004D86B4 /* ESAddTagCell.m */ = {isa = PBXFileReference; fileEncoding = 4; lastKnownFileType = sourcecode.c.objc; path = ESAddTagCell.m; sourceTree = "<group>"; };
		D8E9562521DC4605004D86B4 /* ESAddTagCell.h */ = {isa = PBXFileReference; fileEncoding = 4; lastKnownFileType = sourcecode.c.h; path = ESAddTagCell.h; sourceTree = "<group>"; };
		D8E9563221DC4F5D004D86B4 /* WatchShopperTests.xctest */ = {isa = PBXFileReference; explicitFileType = wrapper.cfbundle; includeInIndex = 0; path = WatchShopperTests.xctest; sourceTree = BUILT_PRODUCTS_DIR; };
		D8E9563421DC4F5D004D86B4 /* WatchShopperTests.swift */ = {isa = PBXFileReference; lastKnownFileType = sourcecode.swift; path = WatchShopperTests.swift; sourceTree = "<group>"; };
		D8E9563621DC4F5D004D86B4 /* Info.plist */ = {isa = PBXFileReference; lastKnownFileType = text.plist.xml; path = Info.plist; sourceTree = "<group>"; };
		D8E9563C21DC4F73004D86B4 /* ChecklistTest.swift */ = {isa = PBXFileReference; lastKnownFileType = sourcecode.swift; path = ChecklistTest.swift; sourceTree = "<group>"; };
		EE4E70AD1DA03260009E8DB9 /* WatchShopper.entitlements */ = {isa = PBXFileReference; lastKnownFileType = text.plist.entitlements; path = WatchShopper.entitlements; sourceTree = "<group>"; };
		EE566265188C2CF60054F593 /* version.h */ = {isa = PBXFileReference; lastKnownFileType = sourcecode.c.h; name = version.h; path = build/version.h; sourceTree = SOURCE_ROOT; };
		EEA997801DA162A500E4F8D9 /* WLog.swift */ = {isa = PBXFileReference; fileEncoding = 4; lastKnownFileType = sourcecode.swift; path = WLog.swift; sourceTree = "<group>"; };
		EEA997831DA1669900E4F8D9 /* WLog.h */ = {isa = PBXFileReference; fileEncoding = 4; lastKnownFileType = sourcecode.c.h; path = WLog.h; sourceTree = "<group>"; };
		EEB84F7E1883CA2A001CDDC1 /* ESSettingsManager.h */ = {isa = PBXFileReference; fileEncoding = 4; lastKnownFileType = sourcecode.c.h; path = ESSettingsManager.h; sourceTree = "<group>"; };
		EEB84F7F1883CA2A001CDDC1 /* ESSettingsManager.m */ = {isa = PBXFileReference; fileEncoding = 4; lastKnownFileType = sourcecode.c.objc; path = ESSettingsManager.m; sourceTree = "<group>"; };
		EEC417B0188DA757002DB9DA /* iTunesArtwork */ = {isa = PBXFileReference; lastKnownFileType = file; path = iTunesArtwork; sourceTree = SOURCE_ROOT; };
		EEF97A161881BCE8004F7FC3 /* ESSettingsController.h */ = {isa = PBXFileReference; fileEncoding = 4; lastKnownFileType = sourcecode.c.h; path = ESSettingsController.h; sourceTree = "<group>"; };
		EEF97A171881BCE8004F7FC3 /* ESSettingsController.m */ = {isa = PBXFileReference; fileEncoding = 4; lastKnownFileType = sourcecode.c.objc; path = ESSettingsController.m; sourceTree = "<group>"; };
		EEF97A1D1881C8E0004F7FC3 /* TTTTimeIntervalFormatter.h */ = {isa = PBXFileReference; fileEncoding = 4; lastKnownFileType = sourcecode.c.h; path = TTTTimeIntervalFormatter.h; sourceTree = "<group>"; };
		EEF97A1E1881C8E0004F7FC3 /* TTTTimeIntervalFormatter.m */ = {isa = PBXFileReference; fileEncoding = 4; lastKnownFileType = sourcecode.c.objc; path = TTTTimeIntervalFormatter.m; sourceTree = "<group>"; };
		EEF97A201881C9C6004F7FC3 /* cog@2x.png */ = {isa = PBXFileReference; lastKnownFileType = image.png; path = "cog@2x.png"; sourceTree = "<group>"; };
/* End PBXFileReference section */

/* Begin PBXFrameworksBuildPhase section */
		37EBD5021C70603C005FFC9A /* Frameworks */ = {
			isa = PBXFrameworksBuildPhase;
			buildActionMask = 2147483647;
			files = (
			);
			runOnlyForDeploymentPostprocessing = 0;
		};
		3B6D31C11843100100E9A6AB /* Frameworks */ = {
			isa = PBXFrameworksBuildPhase;
			buildActionMask = 2147483647;
			files = (
				D85D77A121DC54DB00E35243 /* EvernoteSDK.framework in Frameworks */,
				3BF2E8EE185525A7006CB2B3 /* libz.dylib in Frameworks */,
				3B6D321918431F4000E9A6AB /* MobileCoreServices.framework in Frameworks */,
				3B6D321D18431F5B00E9A6AB /* libxml2.dylib in Frameworks */,
				3B6D321A18431F4000E9A6AB /* Security.framework in Frameworks */,
				3B6D321B18431F4000E9A6AB /* StoreKit.framework in Frameworks */,
				3B6D31CA1843100100E9A6AB /* CoreGraphics.framework in Frameworks */,
				3B6D31CC1843100100E9A6AB /* UIKit.framework in Frameworks */,
				3B6D31C81843100100E9A6AB /* Foundation.framework in Frameworks */,
			);
			runOnlyForDeploymentPostprocessing = 0;
		};
		75D46EEE28958B24D8D9B7B7 /* Frameworks */ = {
			isa = PBXFrameworksBuildPhase;
			buildActionMask = 2147483647;
			files = (
			);
			runOnlyForDeploymentPostprocessing = 0;
		};
		D8E9562F21DC4F5D004D86B4 /* Frameworks */ = {
			isa = PBXFrameworksBuildPhase;
			buildActionMask = 2147483647;
			files = (
				D85D77A221DC54DB00E35243 /* EvernoteSDK.framework in Frameworks */,
			);
			runOnlyForDeploymentPostprocessing = 0;
		};
/* End PBXFrameworksBuildPhase section */

/* Begin PBXGroup section */
		37EBD4FA1C70603C005FFC9A /* WatchApp */ = {
			isa = PBXGroup;
			children = (
				37EBD4FB1C70603C005FFC9A /* Interface.storyboard */,
				37EBD4FE1C70603C005FFC9A /* Assets.xcassets */,
				37EBD5001C70603C005FFC9A /* Info.plist */,
			);
			path = WatchApp;
			sourceTree = "<group>";
		};
		37EBD5091C70603C005FFC9A /* WatchApp Extension */ = {
			isa = PBXGroup;
			children = (
				37B2AFC51C727E130060E8D2 /* ChecklistController.swift */,
				37EBD50C1C70603C005FFC9A /* ListsController.swift */,
				37EBD50E1C70603C005FFC9A /* ExtensionDelegate.swift */,
				37EBD5101C70603C005FFC9A /* NotificationController.swift */,
				37EBD5201C70E181005FFC9A /* DataProxy.swift */,
				37EBD5121C70603C005FFC9A /* Assets.xcassets */,
				37EBD5141C70603C005FFC9A /* Info.plist */,
				37EBD50A1C70603C005FFC9A /* Supporting Files */,
				EEA997801DA162A500E4F8D9 /* WLog.swift */,
				D883D697222C364700D423CB /* ComplicationController.swift */,
			);
			path = "WatchApp Extension";
			sourceTree = "<group>";
		};
		37EBD50A1C70603C005FFC9A /* Supporting Files */ = {
			isa = PBXGroup;
			children = (
				37EBD50B1C70603C005FFC9A /* PushNotificationPayload.apns */,
			);
			name = "Supporting Files";
			sourceTree = "<group>";
		};
		3B6D31BB1843100100E9A6AB = {
			isa = PBXGroup;
			children = (
				3BF2E8D118538C78006CB2B3 /* README.md */,
				D8B6E1DB21AC500100159931 /* Cartfile */,
				3B6D31CD1843100100E9A6AB /* WatchShopper */,
				37EBD4FA1C70603C005FFC9A /* WatchApp */,
				37EBD5091C70603C005FFC9A /* WatchApp Extension */,
				D8E9563321DC4F5D004D86B4 /* WatchShopperTests */,
				3B6D31C61843100100E9A6AB /* Frameworks */,
				3B6D31C51843100100E9A6AB /* Products */,
			);
			sourceTree = "<group>";
		};
		3B6D31C51843100100E9A6AB /* Products */ = {
			isa = PBXGroup;
			children = (
				3B6D31C41843100100E9A6AB /* WatchShopper.app */,
				37EBD4F91C70603C005FFC9A /* WatchApp.app */,
				37EBD5051C70603C005FFC9A /* WatchApp Extension.appex */,
				D8E9563221DC4F5D004D86B4 /* WatchShopperTests.xctest */,
			);
			name = Products;
			sourceTree = "<group>";
		};
		3B6D31C61843100100E9A6AB /* Frameworks */ = {
			isa = PBXGroup;
			children = (
				D85D77A021DC54DB00E35243 /* EvernoteSDK.framework */,
				3BF2E8ED185525A7006CB2B3 /* libz.dylib */,
				3B6D321C18431F5B00E9A6AB /* libxml2.dylib */,
				3B6D321418431F4000E9A6AB /* libxml2.2.dylib */,
				3B6D321518431F4000E9A6AB /* MobileCoreServices.framework */,
				3B6D321618431F4000E9A6AB /* Security.framework */,
				3B6D321718431F4000E9A6AB /* StoreKit.framework */,
				3B6D31C71843100100E9A6AB /* Foundation.framework */,
				3B6D31C91843100100E9A6AB /* CoreGraphics.framework */,
				3B6D31CB1843100100E9A6AB /* UIKit.framework */,
				3B6D31E61843100100E9A6AB /* XCTest.framework */,
			);
			name = Frameworks;
			sourceTree = "<group>";
		};
		3B6D31CD1843100100E9A6AB /* WatchShopper */ = {
			isa = PBXGroup;
			children = (
				D8E9562821DC469F004D86B4 /* Classes */,
				EE4E70AD1DA03260009E8DB9 /* WatchShopper.entitlements */,
				3B6D31D91843100100E9A6AB /* Main.storyboard */,
				EE566265188C2CF60054F593 /* version.h */,
				3B6D31DF1843100100E9A6AB /* Images.xcassets */,
				EEF97A201881C9C6004F7FC3 /* cog@2x.png */,
				3B6D31CE1843100100E9A6AB /* Supporting Files */,
				EEC417B0188DA757002DB9DA /* iTunesArtwork */,
				37EBD4F51C7056E9005FFC9A /* Launch Screen.storyboard */,
				37EBD5221C70E7E5005FFC9A /* WatchShopper-Bridging-Header.h */,
				EEA997831DA1669900E4F8D9 /* WLog.h */,
			);
			path = WatchShopper;
			sourceTree = "<group>";
		};
		3B6D31CE1843100100E9A6AB /* Supporting Files */ = {
			isa = PBXGroup;
			children = (
				3B6D31CF1843100100E9A6AB /* WatchShopper-Info.plist */,
				3B6D31D01843100100E9A6AB /* InfoPlist.strings */,
				3B6D31D31843100100E9A6AB /* main.m */,
				3B6D31D51843100100E9A6AB /* WatchShopper-Prefix.pch */,
			);
			name = "Supporting Files";
			sourceTree = "<group>";
		};
		3B6D31FF1843119A00E9A6AB /* Evernote */ = {
			isa = PBXGroup;
			children = (
				3715F8211DAD97F4004AF8DC /* EvernoteSynchronizer.swift */,
				D8E9561E21DC45F3004D86B4 /* Checklist.swift */,
				D8E9561F21DC45F3004D86B4 /* ChecklistItem.swift */,
			);
			name = Evernote;
			sourceTree = "<group>";
		};
		D8E9562821DC469F004D86B4 /* Classes */ = {
			isa = PBXGroup;
			children = (
				3B6D31FF1843119A00E9A6AB /* Evernote */,
				D8E9562221DC45FD004D86B4 /* ChecklistItemsViewController.swift */,
				D8E9562421DC4605004D86B4 /* ESAddTagCell.m */,
				3B4ECB4D185B6EB6003A160B /* ESAppDelegate.h */,
				D8E9562521DC4605004D86B4 /* ESAddTagCell.h */,
				3B4ECB4E185B6EB6003A160B /* ESAppDelegate.m */,
				37EBD5231C70E7E5005FFC9A /* AppleWatchManager.swift */,
				3B4ECB50185B6EE8003A160B /* ESChecklistsViewController.h */,
				3B4ECB51185B6EE8003A160B /* ESChecklistsViewController.m */,
				EEF97A161881BCE8004F7FC3 /* ESSettingsController.h */,
				EEF97A171881BCE8004F7FC3 /* ESSettingsController.m */,
				EEB84F7E1883CA2A001CDDC1 /* ESSettingsManager.h */,
				EEB84F7F1883CA2A001CDDC1 /* ESSettingsManager.m */,
				EEF97A1D1881C8E0004F7FC3 /* TTTTimeIntervalFormatter.h */,
				EEF97A1E1881C8E0004F7FC3 /* TTTTimeIntervalFormatter.m */,
				D8AF21C322AD969900C5ECFF /* SwiftSugar.swift */,
			);
			path = Classes;
			sourceTree = "<group>";
		};
		D8E9563321DC4F5D004D86B4 /* WatchShopperTests */ = {
			isa = PBXGroup;
			children = (
				D8E9563C21DC4F73004D86B4 /* ChecklistTest.swift */,
				D8E9563421DC4F5D004D86B4 /* WatchShopperTests.swift */,
				D8E9563621DC4F5D004D86B4 /* Info.plist */,
			);
			path = WatchShopperTests;
			sourceTree = "<group>";
		};
/* End PBXGroup section */

/* Begin PBXNativeTarget section */
		37EBD4F81C70603C005FFC9A /* WatchApp */ = {
			isa = PBXNativeTarget;
			buildConfigurationList = 37EBD51C1C70603C005FFC9A /* Build configuration list for PBXNativeTarget "WatchApp" */;
			buildPhases = (
				37EBD4F71C70603C005FFC9A /* Resources */,
				37EBD51B1C70603C005FFC9A /* Embed App Extensions */,
				75D46EEE28958B24D8D9B7B7 /* Frameworks */,
			);
			buildRules = (
			);
			dependencies = (
				37EBD5081C70603C005FFC9A /* PBXTargetDependency */,
			);
			name = WatchApp;
			productName = WatchApp;
			productReference = 37EBD4F91C70603C005FFC9A /* WatchApp.app */;
			productType = "com.apple.product-type.application.watchapp2";
		};
		37EBD5041C70603C005FFC9A /* WatchApp Extension */ = {
			isa = PBXNativeTarget;
			buildConfigurationList = 37EBD5181C70603C005FFC9A /* Build configuration list for PBXNativeTarget "WatchApp Extension" */;
			buildPhases = (
				37EBD5011C70603C005FFC9A /* Sources */,
				37EBD5021C70603C005FFC9A /* Frameworks */,
				37EBD5031C70603C005FFC9A /* Resources */,
			);
			buildRules = (
			);
			dependencies = (
			);
			name = "WatchApp Extension";
			productName = "WatchApp Extension";
			productReference = 37EBD5051C70603C005FFC9A /* WatchApp Extension.appex */;
			productType = "com.apple.product-type.watchkit2-extension";
		};
		3B6D31C31843100100E9A6AB /* WatchShopper */ = {
			isa = PBXNativeTarget;
			buildConfigurationList = 3B6D31F61843100100E9A6AB /* Build configuration list for PBXNativeTarget "WatchShopper" */;
			buildPhases = (
				EE566262188C2AF10054F593 /* ShellScript */,
				3B6D31C01843100100E9A6AB /* Sources */,
				3B6D31C11843100100E9A6AB /* Frameworks */,
				3B6D31C21843100100E9A6AB /* Resources */,
				37EBD51F1C70603C005FFC9A /* Embed Watch Content */,
				3715F81C1DAD96E6004AF8DC /* ShellScript */,
			);
			buildRules = (
			);
			dependencies = (
				37EBD5161C70603C005FFC9A /* PBXTargetDependency */,
			);
			name = WatchShopper;
			productName = WatchShopper;
			productReference = 3B6D31C41843100100E9A6AB /* WatchShopper.app */;
			productType = "com.apple.product-type.application";
		};
		D8E9563121DC4F5D004D86B4 /* WatchShopperTests */ = {
			isa = PBXNativeTarget;
			buildConfigurationList = D8E9563921DC4F5D004D86B4 /* Build configuration list for PBXNativeTarget "WatchShopperTests" */;
			buildPhases = (
				D8E9562E21DC4F5D004D86B4 /* Sources */,
				D8E9562F21DC4F5D004D86B4 /* Frameworks */,
				D8E9563021DC4F5D004D86B4 /* Resources */,
			);
			buildRules = (
			);
			dependencies = (
				D8E9563821DC4F5D004D86B4 /* PBXTargetDependency */,
			);
			name = WatchShopperTests;
			productName = WatchShopperTests;
			productReference = D8E9563221DC4F5D004D86B4 /* WatchShopperTests.xctest */;
			productType = "com.apple.product-type.bundle.unit-test";
		};
/* End PBXNativeTarget section */

/* Begin PBXProject section */
		3B6D31BC1843100100E9A6AB /* Project object */ = {
			isa = PBXProject;
			attributes = {
				CLASSPREFIX = ES;
				LastSwiftUpdateCheck = 1010;
				LastUpgradeCheck = 1020;
				ORGANIZATIONNAME = "Easy Street 3";
				TargetAttributes = {
					37EBD4F81C70603C005FFC9A = {
						CreatedOnToolsVersion = 7.2.1;
						DevelopmentTeam = PTE4TYXPW2;
						LastSwiftMigration = 0800;
						ProvisioningStyle = Automatic;
					};
					37EBD5041C70603C005FFC9A = {
						CreatedOnToolsVersion = 7.2.1;
						DevelopmentTeam = PTE4TYXPW2;
						LastSwiftMigration = 1020;
						ProvisioningStyle = Automatic;
					};
					3B6D31C31843100100E9A6AB = {
						DevelopmentTeam = PTE4TYXPW2;
						LastSwiftMigration = 1020;
						ProvisioningStyle = Automatic;
						SystemCapabilities = {
							com.apple.BackgroundModes = {
								enabled = 1;
							};
							com.apple.Keychain = {
								enabled = 1;
							};
						};
					};
					D8E9563121DC4F5D004D86B4 = {
						CreatedOnToolsVersion = 10.1;
						LastSwiftMigration = 1020;
						ProvisioningStyle = Manual;
						TestTargetID = 3B6D31C31843100100E9A6AB;
					};
				};
			};
			buildConfigurationList = 3B6D31BF1843100100E9A6AB /* Build configuration list for PBXProject "WatchShopper" */;
			compatibilityVersion = "Xcode 3.2";
			developmentRegion = en;
			hasScannedForEncodings = 0;
			knownRegions = (
				en,
				Base,
			);
			mainGroup = 3B6D31BB1843100100E9A6AB;
			productRefGroup = 3B6D31C51843100100E9A6AB /* Products */;
			projectDirPath = "";
			projectRoot = "";
			targets = (
				3B6D31C31843100100E9A6AB /* WatchShopper */,
				37EBD4F81C70603C005FFC9A /* WatchApp */,
				37EBD5041C70603C005FFC9A /* WatchApp Extension */,
				D8E9563121DC4F5D004D86B4 /* WatchShopperTests */,
			);
		};
/* End PBXProject section */

/* Begin PBXResourcesBuildPhase section */
		37EBD4F71C70603C005FFC9A /* Resources */ = {
			isa = PBXResourcesBuildPhase;
			buildActionMask = 2147483647;
			files = (
				37EBD4FF1C70603C005FFC9A /* Assets.xcassets in Resources */,
				37EBD4FD1C70603C005FFC9A /* Interface.storyboard in Resources */,
			);
			runOnlyForDeploymentPostprocessing = 0;
		};
		37EBD5031C70603C005FFC9A /* Resources */ = {
			isa = PBXResourcesBuildPhase;
			buildActionMask = 2147483647;
			files = (
				37EBD5131C70603C005FFC9A /* Assets.xcassets in Resources */,
			);
			runOnlyForDeploymentPostprocessing = 0;
		};
		3B6D31C21843100100E9A6AB /* Resources */ = {
			isa = PBXResourcesBuildPhase;
			buildActionMask = 2147483647;
			files = (
				EEF97A211881C9C6004F7FC3 /* cog@2x.png in Resources */,
				EEC417B1188DA757002DB9DA /* iTunesArtwork in Resources */,
				3B6D31E01843100100E9A6AB /* Images.xcassets in Resources */,
				3B6D31D21843100100E9A6AB /* InfoPlist.strings in Resources */,
				3BF2E8D218538C78006CB2B3 /* README.md in Resources */,
				3B6D31DB1843100100E9A6AB /* Main.storyboard in Resources */,
				37EBD4F61C7056E9005FFC9A /* Launch Screen.storyboard in Resources */,
			);
			runOnlyForDeploymentPostprocessing = 0;
		};
		D8E9563021DC4F5D004D86B4 /* Resources */ = {
			isa = PBXResourcesBuildPhase;
			buildActionMask = 2147483647;
			files = (
			);
			runOnlyForDeploymentPostprocessing = 0;
		};
/* End PBXResourcesBuildPhase section */

/* Begin PBXShellScriptBuildPhase section */
		3715F81C1DAD96E6004AF8DC /* ShellScript */ = {
			isa = PBXShellScriptBuildPhase;
			buildActionMask = 2147483647;
			files = (
			);
			inputPaths = (
				"$(SRCROOT)/Carthage/Build/iOS/EvernoteSDK.framework",
			);
			outputPaths = (
			);
			runOnlyForDeploymentPostprocessing = 0;
			shellPath = /bin/sh;
			shellScript = "/usr/local/bin/carthage copy-frameworks\n";
		};
		EE566262188C2AF10054F593 /* ShellScript */ = {
			isa = PBXShellScriptBuildPhase;
			buildActionMask = 2147483647;
			files = (
			);
			inputPaths = (
			);
			outputPaths = (
			);
			runOnlyForDeploymentPostprocessing = 0;
			shellPath = /bin/sh;
			shellScript = "mkdir -p build\nexport VERSION=`git describe`\necho \"#define BUILD_VERSION @\\\"$VERSION\\\"\" > build/version.h\n";
		};
/* End PBXShellScriptBuildPhase section */

/* Begin PBXSourcesBuildPhase section */
		37EBD5011C70603C005FFC9A /* Sources */ = {
			isa = PBXSourcesBuildPhase;
			buildActionMask = 2147483647;
			files = (
				37EBD5111C70603C005FFC9A /* NotificationController.swift in Sources */,
				EEA997821DA162A500E4F8D9 /* WLog.swift in Sources */,
				37EBD50F1C70603C005FFC9A /* ExtensionDelegate.swift in Sources */,
				37B2AFC61C727E130060E8D2 /* ChecklistController.swift in Sources */,
				D883D698222C364700D423CB /* ComplicationController.swift in Sources */,
				37EBD5211C70E181005FFC9A /* DataProxy.swift in Sources */,
				37EBD50D1C70603C005FFC9A /* ListsController.swift in Sources */,
			);
			runOnlyForDeploymentPostprocessing = 0;
		};
		3B6D31C01843100100E9A6AB /* Sources */ = {
			isa = PBXSourcesBuildPhase;
			buildActionMask = 2147483647;
			files = (
				3B4ECB52185B6EE8003A160B /* ESChecklistsViewController.m in Sources */,
				D8E9562121DC45F3004D86B4 /* ChecklistItem.swift in Sources */,
				EEB84F801883CA2A001CDDC1 /* ESSettingsManager.m in Sources */,
				3B4ECB4F185B6EB6003A160B /* ESAppDelegate.m in Sources */,
				3B6D31D41843100100E9A6AB /* main.m in Sources */,
				D8E9562021DC45F3004D86B4 /* Checklist.swift in Sources */,
				D8E9562621DC4605004D86B4 /* ESAddTagCell.m in Sources */,
				EEF97A181881BCE8004F7FC3 /* ESSettingsController.m in Sources */,
				37EBD5241C70E7E5005FFC9A /* AppleWatchManager.swift in Sources */,
				EEA997811DA162A500E4F8D9 /* WLog.swift in Sources */,
				3715F8221DAD97F4004AF8DC /* EvernoteSynchronizer.swift in Sources */,
				D8AF21C422AD969900C5ECFF /* SwiftSugar.swift in Sources */,
				D8E9562321DC45FD004D86B4 /* ChecklistItemsViewController.swift in Sources */,
				EEF97A1F1881C8E0004F7FC3 /* TTTTimeIntervalFormatter.m in Sources */,
			);
			runOnlyForDeploymentPostprocessing = 0;
		};
		D8E9562E21DC4F5D004D86B4 /* Sources */ = {
			isa = PBXSourcesBuildPhase;
			buildActionMask = 2147483647;
			files = (
				D8E9564021DC4FDE004D86B4 /* Checklist.swift in Sources */,
				D8E9564121DC4FDE004D86B4 /* ChecklistItem.swift in Sources */,
				D8E9563D21DC4F73004D86B4 /* ChecklistTest.swift in Sources */,
				D8E9563F21DC4FDE004D86B4 /* EvernoteSynchronizer.swift in Sources */,
				D8E9563521DC4F5D004D86B4 /* WatchShopperTests.swift in Sources */,
			);
			runOnlyForDeploymentPostprocessing = 0;
		};
/* End PBXSourcesBuildPhase section */

/* Begin PBXTargetDependency section */
		37EBD5081C70603C005FFC9A /* PBXTargetDependency */ = {
			isa = PBXTargetDependency;
			target = 37EBD5041C70603C005FFC9A /* WatchApp Extension */;
			targetProxy = 37EBD5071C70603C005FFC9A /* PBXContainerItemProxy */;
		};
		37EBD5161C70603C005FFC9A /* PBXTargetDependency */ = {
			isa = PBXTargetDependency;
			target = 37EBD4F81C70603C005FFC9A /* WatchApp */;
			targetProxy = 37EBD5151C70603C005FFC9A /* PBXContainerItemProxy */;
		};
		D8E9563821DC4F5D004D86B4 /* PBXTargetDependency */ = {
			isa = PBXTargetDependency;
			target = 3B6D31C31843100100E9A6AB /* WatchShopper */;
			targetProxy = D8E9563721DC4F5D004D86B4 /* PBXContainerItemProxy */;
		};
/* End PBXTargetDependency section */

/* Begin PBXVariantGroup section */
		37EBD4FB1C70603C005FFC9A /* Interface.storyboard */ = {
			isa = PBXVariantGroup;
			children = (
				37EBD4FC1C70603C005FFC9A /* Base */,
			);
			name = Interface.storyboard;
			sourceTree = "<group>";
		};
		3B6D31D01843100100E9A6AB /* InfoPlist.strings */ = {
			isa = PBXVariantGroup;
			children = (
				3B6D31D11843100100E9A6AB /* en */,
			);
			name = InfoPlist.strings;
			sourceTree = "<group>";
		};
		3B6D31D91843100100E9A6AB /* Main.storyboard */ = {
			isa = PBXVariantGroup;
			children = (
				3B6D31DA1843100100E9A6AB /* Base */,
			);
			name = Main.storyboard;
			sourceTree = "<group>";
		};
/* End PBXVariantGroup section */

/* Begin XCBuildConfiguration section */
		37EBD5191C70603C005FFC9A /* Debug */ = {
			isa = XCBuildConfiguration;
			buildSettings = {
				ASSETCATALOG_COMPILER_COMPLICATION_NAME = Complication;
				CLANG_WARN_UNREACHABLE_CODE = YES;
				CODE_SIGN_IDENTITY = "Apple Development";
				CODE_SIGN_STYLE = Automatic;
				DEBUG_INFORMATION_FORMAT = dwarf;
				DEVELOPMENT_TEAM = "";
				ENABLE_STRICT_OBJC_MSGSEND = YES;
				ENABLE_TESTABILITY = YES;
				GCC_NO_COMMON_BLOCKS = YES;
				GCC_WARN_UNINITIALIZED_AUTOS = YES_AGGRESSIVE;
				INFOPLIST_FILE = "WatchApp Extension/Info.plist";
				LD_RUNPATH_SEARCH_PATHS = "$(inherited) @executable_path/Frameworks @executable_path/../../Frameworks";
				MTL_ENABLE_DEBUG_INFO = YES;
				PRODUCT_BUNDLE_IDENTIFIER = com.rossable.WatchShopper.watchkitapp.watchkitextension;
				PRODUCT_NAME = "${TARGET_NAME}";
				PROVISIONING_PROFILE_SPECIFIER = "";
				SDKROOT = watchos;
				SKIP_INSTALL = YES;
				SWIFT_OPTIMIZATION_LEVEL = "-Onone";
				SWIFT_VERSION = 5.0;
				TARGETED_DEVICE_FAMILY = 4;
				WATCHOS_DEPLOYMENT_TARGET = 5.0;
			};
			name = Debug;
		};
		37EBD51A1C70603C005FFC9A /* Release */ = {
			isa = XCBuildConfiguration;
			buildSettings = {
				ASSETCATALOG_COMPILER_COMPLICATION_NAME = Complication;
				CLANG_WARN_UNREACHABLE_CODE = YES;
				CODE_SIGN_STYLE = Manual;
				COPY_PHASE_STRIP = NO;
				DEBUG_INFORMATION_FORMAT = "dwarf-with-dsym";
				DEVELOPMENT_TEAM = PTE4TYXPW2;
				ENABLE_STRICT_OBJC_MSGSEND = YES;
				GCC_NO_COMMON_BLOCKS = YES;
				GCC_WARN_UNINITIALIZED_AUTOS = YES_AGGRESSIVE;
				INFOPLIST_FILE = "WatchApp Extension/Info.plist";
				LD_RUNPATH_SEARCH_PATHS = "$(inherited) @executable_path/Frameworks @executable_path/../../Frameworks";
				MTL_ENABLE_DEBUG_INFO = NO;
				PRODUCT_BUNDLE_IDENTIFIER = com.rossable.WatchShopper.watchkitapp.watchkitextension;
				PRODUCT_NAME = "${TARGET_NAME}";
				PROVISIONING_PROFILE_SPECIFIER = "WatchShopper watchkitextension Dist";
				SDKROOT = watchos;
				SKIP_INSTALL = YES;
				SWIFT_OPTIMIZATION_LEVEL = "-Owholemodule";
				SWIFT_VERSION = 5.0;
				TARGETED_DEVICE_FAMILY = 4;
				WATCHOS_DEPLOYMENT_TARGET = 5.0;
			};
			name = Release;
		};
		37EBD51D1C70603C005FFC9A /* Debug */ = {
			isa = XCBuildConfiguration;
			buildSettings = {
				ASSETCATALOG_COMPILER_APPICON_NAME = AppIcon;
				CLANG_WARN_UNREACHABLE_CODE = YES;
				CODE_SIGN_IDENTITY = "Apple Development";
				CODE_SIGN_STYLE = Automatic;
				DEBUG_INFORMATION_FORMAT = dwarf;
				DEVELOPMENT_TEAM = PTE4TYXPW2;
				ENABLE_STRICT_OBJC_MSGSEND = YES;
				ENABLE_TESTABILITY = YES;
				GCC_NO_COMMON_BLOCKS = YES;
				GCC_WARN_UNINITIALIZED_AUTOS = YES_AGGRESSIVE;
				IBSC_MODULE = WatchApp_Extension;
				INFOPLIST_FILE = WatchApp/Info.plist;
				MTL_ENABLE_DEBUG_INFO = YES;
				PRODUCT_BUNDLE_IDENTIFIER = com.rossable.WatchShopper.watchkitapp;
				PRODUCT_NAME = "$(TARGET_NAME)";
				PROVISIONING_PROFILE_SPECIFIER = "";
				SDKROOT = watchos;
				SKIP_INSTALL = YES;
				SWIFT_OPTIMIZATION_LEVEL = "-Onone";
				TARGETED_DEVICE_FAMILY = 4;
				WATCHOS_DEPLOYMENT_TARGET = 5.0;
			};
			name = Debug;
		};
		37EBD51E1C70603C005FFC9A /* Release */ = {
			isa = XCBuildConfiguration;
			buildSettings = {
				ASSETCATALOG_COMPILER_APPICON_NAME = AppIcon;
				CLANG_WARN_UNREACHABLE_CODE = YES;
				CODE_SIGN_STYLE = Manual;
				COPY_PHASE_STRIP = NO;
				DEBUG_INFORMATION_FORMAT = "dwarf-with-dsym";
				DEVELOPMENT_TEAM = PTE4TYXPW2;
				ENABLE_STRICT_OBJC_MSGSEND = YES;
				GCC_NO_COMMON_BLOCKS = YES;
				GCC_WARN_UNINITIALIZED_AUTOS = YES_AGGRESSIVE;
				IBSC_MODULE = WatchApp_Extension;
				INFOPLIST_FILE = WatchApp/Info.plist;
				MTL_ENABLE_DEBUG_INFO = NO;
				PRODUCT_BUNDLE_IDENTIFIER = com.rossable.WatchShopper.watchkitapp;
				PRODUCT_NAME = "$(TARGET_NAME)";
				PROVISIONING_PROFILE_SPECIFIER = "WatchShopper watchkitapp Dist";
				SDKROOT = watchos;
				SKIP_INSTALL = YES;
				TARGETED_DEVICE_FAMILY = 4;
				WATCHOS_DEPLOYMENT_TARGET = 5.0;
			};
			name = Release;
		};
		3B6D31F41843100100E9A6AB /* Debug */ = {
			isa = XCBuildConfiguration;
			buildSettings = {
				ALWAYS_SEARCH_USER_PATHS = NO;
				CLANG_CXX_LANGUAGE_STANDARD = "gnu++0x";
				CLANG_CXX_LIBRARY = "libc++";
				CLANG_ENABLE_MODULES = YES;
				CLANG_ENABLE_OBJC_ARC = YES;
				CLANG_WARN_BLOCK_CAPTURE_AUTORELEASING = YES;
				CLANG_WARN_BOOL_CONVERSION = YES;
				CLANG_WARN_COMMA = YES;
				CLANG_WARN_CONSTANT_CONVERSION = YES;
				CLANG_WARN_DEPRECATED_OBJC_IMPLEMENTATIONS = YES;
				CLANG_WARN_DIRECT_OBJC_ISA_USAGE = YES_ERROR;
				CLANG_WARN_EMPTY_BODY = YES;
				CLANG_WARN_ENUM_CONVERSION = YES;
				CLANG_WARN_INFINITE_RECURSION = YES;
				CLANG_WARN_INT_CONVERSION = YES;
				CLANG_WARN_NON_LITERAL_NULL_CONVERSION = YES;
				CLANG_WARN_OBJC_IMPLICIT_RETAIN_SELF = YES;
				CLANG_WARN_OBJC_LITERAL_CONVERSION = YES;
				CLANG_WARN_OBJC_ROOT_CLASS = YES_ERROR;
				CLANG_WARN_RANGE_LOOP_ANALYSIS = YES;
				CLANG_WARN_SUSPICIOUS_MOVE = YES;
				CLANG_WARN_UNREACHABLE_CODE = YES;
				CLANG_WARN__DUPLICATE_METHOD_MATCH = YES;
				CODE_SIGN_IDENTITY = "iPhone Developer";
				COPY_PHASE_STRIP = NO;
				ENABLE_STRICT_OBJC_MSGSEND = YES;
				ENABLE_TESTABILITY = YES;
				GCC_C_LANGUAGE_STANDARD = gnu99;
				GCC_DYNAMIC_NO_PIC = NO;
				GCC_NO_COMMON_BLOCKS = YES;
				GCC_OPTIMIZATION_LEVEL = 0;
				GCC_PREPROCESSOR_DEFINITIONS = (
					"DEBUG=1",
					"$(inherited)",
				);
				GCC_SYMBOLS_PRIVATE_EXTERN = NO;
				GCC_TREAT_WARNINGS_AS_ERRORS = YES;
				GCC_WARN_64_TO_32_BIT_CONVERSION = YES;
				GCC_WARN_ABOUT_RETURN_TYPE = YES_ERROR;
				GCC_WARN_UNDECLARED_SELECTOR = YES;
				GCC_WARN_UNINITIALIZED_AUTOS = YES;
				GCC_WARN_UNUSED_FUNCTION = YES;
				GCC_WARN_UNUSED_VARIABLE = YES;
				IPHONEOS_DEPLOYMENT_TARGET = 12.2;
				ONLY_ACTIVE_ARCH = YES;
				SDKROOT = iphoneos;
				TARGETED_DEVICE_FAMILY = "1,2";
			};
			name = Debug;
		};
		3B6D31F51843100100E9A6AB /* Release */ = {
			isa = XCBuildConfiguration;
			buildSettings = {
				ALWAYS_SEARCH_USER_PATHS = NO;
				CLANG_CXX_LANGUAGE_STANDARD = "gnu++0x";
				CLANG_CXX_LIBRARY = "libc++";
				CLANG_ENABLE_MODULES = YES;
				CLANG_ENABLE_OBJC_ARC = YES;
				CLANG_WARN_BLOCK_CAPTURE_AUTORELEASING = YES;
				CLANG_WARN_BOOL_CONVERSION = YES;
				CLANG_WARN_COMMA = YES;
				CLANG_WARN_CONSTANT_CONVERSION = YES;
				CLANG_WARN_DEPRECATED_OBJC_IMPLEMENTATIONS = YES;
				CLANG_WARN_DIRECT_OBJC_ISA_USAGE = YES_ERROR;
				CLANG_WARN_EMPTY_BODY = YES;
				CLANG_WARN_ENUM_CONVERSION = YES;
				CLANG_WARN_INFINITE_RECURSION = YES;
				CLANG_WARN_INT_CONVERSION = YES;
				CLANG_WARN_NON_LITERAL_NULL_CONVERSION = YES;
				CLANG_WARN_OBJC_IMPLICIT_RETAIN_SELF = YES;
				CLANG_WARN_OBJC_LITERAL_CONVERSION = YES;
				CLANG_WARN_OBJC_ROOT_CLASS = YES_ERROR;
				CLANG_WARN_RANGE_LOOP_ANALYSIS = YES;
				CLANG_WARN_SUSPICIOUS_MOVE = YES;
				CLANG_WARN_UNREACHABLE_CODE = YES;
				CLANG_WARN__DUPLICATE_METHOD_MATCH = YES;
				CODE_SIGN_IDENTITY = "iPhone Distribution";
				COPY_PHASE_STRIP = YES;
				ENABLE_NS_ASSERTIONS = NO;
				ENABLE_STRICT_OBJC_MSGSEND = YES;
				GCC_C_LANGUAGE_STANDARD = gnu99;
				GCC_NO_COMMON_BLOCKS = YES;
				GCC_TREAT_WARNINGS_AS_ERRORS = YES;
				GCC_WARN_64_TO_32_BIT_CONVERSION = YES;
				GCC_WARN_ABOUT_RETURN_TYPE = YES_ERROR;
				GCC_WARN_UNDECLARED_SELECTOR = YES;
				GCC_WARN_UNINITIALIZED_AUTOS = YES;
				GCC_WARN_UNUSED_FUNCTION = YES;
				GCC_WARN_UNUSED_VARIABLE = YES;
				IPHONEOS_DEPLOYMENT_TARGET = 12.2;
				SDKROOT = iphoneos;
				SWIFT_OPTIMIZATION_LEVEL = "-Owholemodule";
				TARGETED_DEVICE_FAMILY = "1,2";
				VALIDATE_PRODUCT = YES;
			};
			name = Release;
		};
		3B6D31F71843100100E9A6AB /* Debug */ = {
			isa = XCBuildConfiguration;
			buildSettings = {
				ASSETCATALOG_COMPILER_APPICON_NAME = AppIcon;
				CLANG_ENABLE_MODULES = YES;
				CODE_SIGN_ENTITLEMENTS = WatchShopper/WatchShopper.entitlements;
				CODE_SIGN_IDENTITY = "Apple Development";
				CODE_SIGN_STYLE = Automatic;
				DEVELOPMENT_TEAM = PTE4TYXPW2;
				ENABLE_BITCODE = NO;
				FRAMEWORK_SEARCH_PATHS = (
					"$(inherited)",
					"$(PROJECT_DIR)/Carthage/Build/iOS",
				);
				GCC_PRECOMPILE_PREFIX_HEADER = YES;
				GCC_PREFIX_HEADER = "WatchShopper/WatchShopper-Prefix.pch";
				INFOPLIST_FILE = "WatchShopper/WatchShopper-Info.plist";
				LD_RUNPATH_SEARCH_PATHS = "$(inherited) @executable_path/Frameworks";
				PRODUCT_BUNDLE_IDENTIFIER = com.rossable.WatchShopper;
				PRODUCT_NAME = "$(TARGET_NAME)";
				PROVISIONING_PROFILE_SPECIFIER = "";
				SWIFT_OBJC_BRIDGING_HEADER = "WatchShopper/WatchShopper-Bridging-Header.h";
				SWIFT_OPTIMIZATION_LEVEL = "-Onone";
				SWIFT_VERSION = 5.0;
				USER_HEADER_SEARCH_PATHS = "$(PROJECT_DIR)/watch_shopper/src";
				WRAPPER_EXTENSION = app;
			};
			name = Debug;
		};
		3B6D31F81843100100E9A6AB /* Release */ = {
			isa = XCBuildConfiguration;
			buildSettings = {
				ASSETCATALOG_COMPILER_APPICON_NAME = AppIcon;
				CLANG_ENABLE_MODULES = YES;
				CODE_SIGN_ENTITLEMENTS = WatchShopper/WatchShopper.entitlements;
				CODE_SIGN_STYLE = Manual;
				DEVELOPMENT_TEAM = PTE4TYXPW2;
				ENABLE_BITCODE = NO;
				FRAMEWORK_SEARCH_PATHS = (
					"$(inherited)",
					"$(PROJECT_DIR)/Carthage/Build/iOS",
				);
				GCC_PRECOMPILE_PREFIX_HEADER = YES;
				GCC_PREFIX_HEADER = "WatchShopper/WatchShopper-Prefix.pch";
				INFOPLIST_FILE = "WatchShopper/WatchShopper-Info.plist";
				LD_RUNPATH_SEARCH_PATHS = "$(inherited) @executable_path/Frameworks";
				PRODUCT_BUNDLE_IDENTIFIER = com.rossable.WatchShopper;
				PRODUCT_NAME = "$(TARGET_NAME)";
				PROVISIONING_PROFILE_SPECIFIER = "WatchShopper Dist";
				SWIFT_OBJC_BRIDGING_HEADER = "WatchShopper/WatchShopper-Bridging-Header.h";
				SWIFT_OPTIMIZATION_LEVEL = "-Owholemodule";
				SWIFT_VERSION = 5.0;
				USER_HEADER_SEARCH_PATHS = "$(PROJECT_DIR)/watch_shopper/src";
				WRAPPER_EXTENSION = app;
			};
			name = Release;
		};
		D8E9563A21DC4F5D004D86B4 /* Debug */ = {
			isa = XCBuildConfiguration;
			buildSettings = {
				BUNDLE_LOADER = "$(TEST_HOST)";
				CLANG_ANALYZER_NONNULL = YES;
				CLANG_ANALYZER_NUMBER_OBJECT_CONVERSION = YES_AGGRESSIVE;
				CLANG_CXX_LANGUAGE_STANDARD = "gnu++14";
				CLANG_ENABLE_OBJC_WEAK = YES;
				CLANG_WARN_BLOCK_CAPTURE_AUTORELEASING = YES;
				CLANG_WARN_COMMA = YES;
				CLANG_WARN_DEPRECATED_OBJC_IMPLEMENTATIONS = YES;
				CLANG_WARN_DOCUMENTATION_COMMENTS = YES;
				CLANG_WARN_NON_LITERAL_NULL_CONVERSION = YES;
				CLANG_WARN_OBJC_IMPLICIT_RETAIN_SELF = YES;
				CLANG_WARN_OBJC_LITERAL_CONVERSION = YES;
				CLANG_WARN_RANGE_LOOP_ANALYSIS = YES;
				CLANG_WARN_STRICT_PROTOTYPES = YES;
				CLANG_WARN_UNGUARDED_AVAILABILITY = YES_AGGRESSIVE;
				CODE_SIGN_STYLE = Manual;
				DEBUG_INFORMATION_FORMAT = dwarf;
				DEVELOPMENT_TEAM = "";
				FRAMEWORK_SEARCH_PATHS = (
					"$(inherited)",
					"$(PROJECT_DIR)/Carthage/Build/iOS",
				);
				GCC_C_LANGUAGE_STANDARD = gnu11;
				GCC_WARN_UNINITIALIZED_AUTOS = YES_AGGRESSIVE;
				INFOPLIST_FILE = WatchShopperTests/Info.plist;
				LD_RUNPATH_SEARCH_PATHS = "$(inherited) @executable_path/Frameworks @loader_path/Frameworks";
				MTL_ENABLE_DEBUG_INFO = INCLUDE_SOURCE;
				MTL_FAST_MATH = YES;
				PRODUCT_BUNDLE_IDENTIFIER = com.rossable.WatchShopperTests;
				PRODUCT_NAME = "$(TARGET_NAME)";
				PROVISIONING_PROFILE_SPECIFIER = "";
				SWIFT_ACTIVE_COMPILATION_CONDITIONS = DEBUG;
				SWIFT_OBJC_BRIDGING_HEADER = "WatchShopper/WatchShopper-Bridging-Header.h";
				SWIFT_OPTIMIZATION_LEVEL = "-Onone";
				SWIFT_VERSION = 5.0;
				TEST_HOST = "$(BUILT_PRODUCTS_DIR)/WatchShopper.app/WatchShopper";
			};
			name = Debug;
		};
		D8E9563B21DC4F5D004D86B4 /* Release */ = {
			isa = XCBuildConfiguration;
			buildSettings = {
				BUNDLE_LOADER = "$(TEST_HOST)";
				CLANG_ANALYZER_NONNULL = YES;
				CLANG_ANALYZER_NUMBER_OBJECT_CONVERSION = YES_AGGRESSIVE;
				CLANG_CXX_LANGUAGE_STANDARD = "gnu++14";
				CLANG_ENABLE_OBJC_WEAK = YES;
				CLANG_WARN_BLOCK_CAPTURE_AUTORELEASING = YES;
				CLANG_WARN_COMMA = YES;
				CLANG_WARN_DEPRECATED_OBJC_IMPLEMENTATIONS = YES;
				CLANG_WARN_DOCUMENTATION_COMMENTS = YES;
				CLANG_WARN_NON_LITERAL_NULL_CONVERSION = YES;
				CLANG_WARN_OBJC_IMPLICIT_RETAIN_SELF = YES;
				CLANG_WARN_OBJC_LITERAL_CONVERSION = YES;
				CLANG_WARN_RANGE_LOOP_ANALYSIS = YES;
				CLANG_WARN_STRICT_PROTOTYPES = YES;
				CLANG_WARN_UNGUARDED_AVAILABILITY = YES_AGGRESSIVE;
				CODE_SIGN_STYLE = Manual;
				COPY_PHASE_STRIP = NO;
				DEBUG_INFORMATION_FORMAT = "dwarf-with-dsym";
				DEVELOPMENT_TEAM = "";
				FRAMEWORK_SEARCH_PATHS = (
					"$(inherited)",
					"$(PROJECT_DIR)/Carthage/Build/iOS",
				);
				GCC_C_LANGUAGE_STANDARD = gnu11;
				GCC_WARN_UNINITIALIZED_AUTOS = YES_AGGRESSIVE;
				INFOPLIST_FILE = WatchShopperTests/Info.plist;
				LD_RUNPATH_SEARCH_PATHS = "$(inherited) @executable_path/Frameworks @loader_path/Frameworks";
				MTL_ENABLE_DEBUG_INFO = NO;
				MTL_FAST_MATH = YES;
				PRODUCT_BUNDLE_IDENTIFIER = com.rossable.WatchShopperTests;
				PRODUCT_NAME = "$(TARGET_NAME)";
				PROVISIONING_PROFILE_SPECIFIER = "";
				SWIFT_OBJC_BRIDGING_HEADER = "WatchShopper/WatchShopper-Bridging-Header.h";
				SWIFT_VERSION = 5.0;
				TEST_HOST = "$(BUILT_PRODUCTS_DIR)/WatchShopper.app/WatchShopper";
			};
			name = Release;
		};
/* End XCBuildConfiguration section */

/* Begin XCConfigurationList section */
		37EBD5181C70603C005FFC9A /* Build configuration list for PBXNativeTarget "WatchApp Extension" */ = {
			isa = XCConfigurationList;
			buildConfigurations = (
				37EBD5191C70603C005FFC9A /* Debug */,
				37EBD51A1C70603C005FFC9A /* Release */,
			);
			defaultConfigurationIsVisible = 0;
			defaultConfigurationName = Release;
		};
		37EBD51C1C70603C005FFC9A /* Build configuration list for PBXNativeTarget "WatchApp" */ = {
			isa = XCConfigurationList;
			buildConfigurations = (
				37EBD51D1C70603C005FFC9A /* Debug */,
				37EBD51E1C70603C005FFC9A /* Release */,
			);
			defaultConfigurationIsVisible = 0;
			defaultConfigurationName = Release;
		};
		3B6D31BF1843100100E9A6AB /* Build configuration list for PBXProject "WatchShopper" */ = {
			isa = XCConfigurationList;
			buildConfigurations = (
				3B6D31F41843100100E9A6AB /* Debug */,
				3B6D31F51843100100E9A6AB /* Release */,
			);
			defaultConfigurationIsVisible = 0;
			defaultConfigurationName = Release;
		};
		3B6D31F61843100100E9A6AB /* Build configuration list for PBXNativeTarget "WatchShopper" */ = {
			isa = XCConfigurationList;
			buildConfigurations = (
				3B6D31F71843100100E9A6AB /* Debug */,
				3B6D31F81843100100E9A6AB /* Release */,
			);
			defaultConfigurationIsVisible = 0;
			defaultConfigurationName = Release;
		};
		D8E9563921DC4F5D004D86B4 /* Build configuration list for PBXNativeTarget "WatchShopperTests" */ = {
			isa = XCConfigurationList;
			buildConfigurations = (
				D8E9563A21DC4F5D004D86B4 /* Debug */,
				D8E9563B21DC4F5D004D86B4 /* Release */,
			);
			defaultConfigurationIsVisible = 0;
			defaultConfigurationName = Release;
		};
/* End XCConfigurationList section */
	};
	rootObject = 3B6D31BC1843100100E9A6AB /* Project object */;
}
